
Microsoft Visual Studio Solution File, Format Version 12.00
# Visual Studio Version 16
VisualStudioVersion = 16.0.32630.194
MinimumVisualStudioVersion = 10.0.40219.1
Project("{FAE04EC0-301F-11D3-BF4B-00C04F79EFBC}") = "MyGame", "MyGame\MyGame.csproj", "{A52CCC74-08CB-45BB-874B-770F46A9B83D}"
EndProject
Global
	GlobalSection(SolutionConfigurationPlatforms) = preSolution
		Debug|Any CPU = Debug|Any CPU
		Release|Any CPU = Release|Any CPU
	EndGlobalSection
	GlobalSection(ProjectConfigurationPlatforms) = postSolution
		{A52CCC74-08CB-45BB-874B-770F46A9B83D}.Debug|Any CPU.ActiveCfg = Debug|Any CPU
		{A52CCC74-08CB-45BB-874B-770F46A9B83D}.Debug|Any CPU.Build.0 = Debug|Any CPU
		{A52CCC74-08CB-45BB-874B-770F46A9B83D}.Release|Any CPU.ActiveCfg = Release|Any CPU
		{A52CCC74-08CB-45BB-874B-770F46A9B83D}.Release|Any CPU.Build.0 = Release|Any CPU
	EndGlobalSection
	GlobalSection(SolutionProperties) = preSolution
		HideSolutionNode = FALSE
	EndGlobalSection
	GlobalSection(ExtensibilityGlobals) = postSolution
		SolutionGuid = {0F375939-CD50-482E-889A-9E6B504DF8FF}
	EndGlobalSection
EndGlobal
