
Microsoft Visual Studio Solution File, Format Version 12.00
# Visual Studio Version 16
VisualStudioVersion = 16.0.32630.194
MinimumVisualStudioVersion = 10.0.40219.1
Project("{FAE04EC0-301F-11D3-BF4B-00C04F79EFBC}") = "game1", "game1\game1.csproj", "{A296E0D5-E4CC-4FAD-A5EF-0E6E42B08493}"
EndProject
Global
	GlobalSection(SolutionConfigurationPlatforms) = preSolution
		Debug|Any CPU = Debug|Any CPU
		Release|Any CPU = Release|Any CPU
	EndGlobalSection
	GlobalSection(ProjectConfigurationPlatforms) = postSolution
		{A296E0D5-E4CC-4FAD-A5EF-0E6E42B08493}.Debug|Any CPU.ActiveCfg = Debug|Any CPU
		{A296E0D5-E4CC-4FAD-A5EF-0E6E42B08493}.Debug|Any CPU.Build.0 = Debug|Any CPU
		{A296E0D5-E4CC-4FAD-A5EF-0E6E42B08493}.Release|Any CPU.ActiveCfg = Release|Any CPU
		{A296E0D5-E4CC-4FAD-A5EF-0E6E42B08493}.Release|Any CPU.Build.0 = Release|Any CPU
	EndGlobalSection
	GlobalSection(SolutionProperties) = preSolution
		HideSolutionNode = FALSE
	EndGlobalSection
	GlobalSection(ExtensibilityGlobals) = postSolution
		SolutionGuid = {98CEB2CA-180E-49E5-A584-54166ADA6F92}
	EndGlobalSection
EndGlobal
